
Microsoft Visual Studio Solution File, Format Version 11.00
# Visual Studio 2010
Project("{FAE04EC0-301F-11D3-BF4B-00C04F79EFBC}") = "LocalServerDTO", "LocalServerDTO\LocalServerDTO.csproj", "{FC5C9D07-62DA-415B-978B-720A17E266B5}"
EndProject
Project("{FAE04EC0-301F-11D3-BF4B-00C04F79EFBC}") = "LocalServerDAO", "LocalServerDAO\LocalServerDAO.csproj", "{22F60DA8-6695-4145-B671-831F7FD20FC2}"
EndProject
Project("{FAE04EC0-301F-11D3-BF4B-00C04F79EFBC}") = "LocalServerBUS", "LocalServerBUS\LocalServerBUS.csproj", "{F5D08408-1042-4157-89F7-7AF68CE11AF2}"
EndProject
Project("{FAE04EC0-301F-11D3-BF4B-00C04F79EFBC}") = "LocalServerWeb", "LocalServerWeb\LocalServerWeb.csproj", "{47270B4F-7A5B-4DF9-963F-2CBC74C98B8C}"
EndProject
Global
	GlobalSection(SolutionConfigurationPlatforms) = preSolution
		Debug|Any CPU = Debug|Any CPU
		Release|Any CPU = Release|Any CPU
	EndGlobalSection
	GlobalSection(ProjectConfigurationPlatforms) = postSolution
		{FC5C9D07-62DA-415B-978B-720A17E266B5}.Debug|Any CPU.ActiveCfg = Debug|Any CPU
		{FC5C9D07-62DA-415B-978B-720A17E266B5}.Debug|Any CPU.Build.0 = Debug|Any CPU
		{FC5C9D07-62DA-415B-978B-720A17E266B5}.Release|Any CPU.ActiveCfg = Release|Any CPU
		{FC5C9D07-62DA-415B-978B-720A17E266B5}.Release|Any CPU.Build.0 = Release|Any CPU
		{22F60DA8-6695-4145-B671-831F7FD20FC2}.Debug|Any CPU.ActiveCfg = Debug|Any CPU
		{22F60DA8-6695-4145-B671-831F7FD20FC2}.Debug|Any CPU.Build.0 = Debug|Any CPU
		{22F60DA8-6695-4145-B671-831F7FD20FC2}.Release|Any CPU.ActiveCfg = Release|Any CPU
		{22F60DA8-6695-4145-B671-831F7FD20FC2}.Release|Any CPU.Build.0 = Release|Any CPU
		{F5D08408-1042-4157-89F7-7AF68CE11AF2}.Debug|Any CPU.ActiveCfg = Debug|Any CPU
		{F5D08408-1042-4157-89F7-7AF68CE11AF2}.Debug|Any CPU.Build.0 = Debug|Any CPU
		{F5D08408-1042-4157-89F7-7AF68CE11AF2}.Release|Any CPU.ActiveCfg = Release|Any CPU
		{F5D08408-1042-4157-89F7-7AF68CE11AF2}.Release|Any CPU.Build.0 = Release|Any CPU
		{47270B4F-7A5B-4DF9-963F-2CBC74C98B8C}.Debug|Any CPU.ActiveCfg = Debug|Any CPU
		{47270B4F-7A5B-4DF9-963F-2CBC74C98B8C}.Debug|Any CPU.Build.0 = Debug|Any CPU
		{47270B4F-7A5B-4DF9-963F-2CBC74C98B8C}.Release|Any CPU.ActiveCfg = Release|Any CPU
		{47270B4F-7A5B-4DF9-963F-2CBC74C98B8C}.Release|Any CPU.Build.0 = Release|Any CPU
	EndGlobalSection
	GlobalSection(SolutionProperties) = preSolution
		HideSolutionNode = FALSE
	EndGlobalSection
EndGlobal
